
Microsoft Visual Studio Solution File, Format Version 12.00
# Visual Studio 2013
VisualStudioVersion = 12.0.40629.0
MinimumVisualStudioVersion = 10.0.40219.1
Project("{FAE04EC0-301F-11D3-BF4B-00C04F79EFBC}") = "光伏发电系统实验监测平台", "光伏发电系统实验监测平台\光伏发电系统实验监测平台.csproj", "{9ABB255E-16F6-452E-B2AC-8CEB6026D30A}"
EndProject
Project("{FAE04EC0-301F-11D3-BF4B-00C04F79EFBC}") = "手动解析工具", "手动解析工具\手动解析工具.csproj", "{84CF3B2F-B87F-4D2F-A261-0A04C0394FD7}"
EndProject
Project("{FAE04EC0-301F-11D3-BF4B-00C04F79EFBC}") = "容错匹配办法", "容错匹配办法\容错匹配办法.csproj", "{1B961DF8-BDE7-4E72-B72F-F955184AA34E}"
EndProject
Global
	GlobalSection(SolutionConfigurationPlatforms) = preSolution
		Debug|Any CPU = Debug|Any CPU
		Release|Any CPU = Release|Any CPU
	EndGlobalSection
	GlobalSection(ProjectConfigurationPlatforms) = postSolution
		{9ABB255E-16F6-452E-B2AC-8CEB6026D30A}.Debug|Any CPU.ActiveCfg = Debug|Any CPU
		{9ABB255E-16F6-452E-B2AC-8CEB6026D30A}.Debug|Any CPU.Build.0 = Debug|Any CPU
		{9ABB255E-16F6-452E-B2AC-8CEB6026D30A}.Release|Any CPU.ActiveCfg = Release|Any CPU
		{9ABB255E-16F6-452E-B2AC-8CEB6026D30A}.Release|Any CPU.Build.0 = Release|Any CPU
		{84CF3B2F-B87F-4D2F-A261-0A04C0394FD7}.Debug|Any CPU.ActiveCfg = Debug|Any CPU
		{84CF3B2F-B87F-4D2F-A261-0A04C0394FD7}.Debug|Any CPU.Build.0 = Debug|Any CPU
		{84CF3B2F-B87F-4D2F-A261-0A04C0394FD7}.Release|Any CPU.ActiveCfg = Release|Any CPU
		{84CF3B2F-B87F-4D2F-A261-0A04C0394FD7}.Release|Any CPU.Build.0 = Release|Any CPU
		{1B961DF8-BDE7-4E72-B72F-F955184AA34E}.Debug|Any CPU.ActiveCfg = Debug|Any CPU
		{1B961DF8-BDE7-4E72-B72F-F955184AA34E}.Debug|Any CPU.Build.0 = Debug|Any CPU
		{1B961DF8-BDE7-4E72-B72F-F955184AA34E}.Release|Any CPU.ActiveCfg = Release|Any CPU
		{1B961DF8-BDE7-4E72-B72F-F955184AA34E}.Release|Any CPU.Build.0 = Release|Any CPU
	EndGlobalSection
	GlobalSection(SolutionProperties) = preSolution
		HideSolutionNode = FALSE
	EndGlobalSection
EndGlobal
